
Microsoft Visual Studio Solution File, Format Version 12.00
# Visual Studio 15
VisualStudioVersion = 15.0.27004.2009
MinimumVisualStudioVersion = 10.0.40219.1
Project("{9A19103F-16F7-4668-BE54-9A1E7A4F7556}") = "IoT.Services.MqttServices", "MQTTClient\IoT.Services.MqttServices.csproj", "{9DA13A70-FAD0-4C4E-BA74-D497E26EAA29}"
EndProject
Project("{9A19103F-16F7-4668-BE54-9A1E7A4F7556}") = "IoT.Services.Contracts", "IoT.Services.Contracts\IoT.Services.Contracts.csproj", "{74E80FA4-4909-4423-8E4F-03D828086FE6}"
EndProject
Project("{9A19103F-16F7-4668-BE54-9A1E7A4F7556}") = "IoT.Services.EventBus", "IoT.Services.EventBus\IoT.Services.EventBus.csproj", "{0A07730F-DC17-48F8-BB31-29261974973B}"
EndProject
Project("{9A19103F-16F7-4668-BE54-9A1E7A4F7556}") = "IoT.Services.SignalrWebSerice", "IoT.Services.Apis\IoT.Services.SignalrWebSerice.csproj", "{3A554DA1-A0D1-4A60-9484-6D3EACEC4212}"
EndProject
Project("{FAE04EC0-301F-11D3-BF4B-00C04F79EFBC}") = "IoT.Services.Contracts.Tests", "IoT.Services.Contracts.Tests\IoT.Services.Contracts.Tests.csproj", "{E0DEDE87-CAA4-488F-AB15-30BEAFF2A1B7}"
EndProject
Project("{FAE04EC0-301F-11D3-BF4B-00C04F79EFBC}") = "IoT.Services.MqttServices.Tests", "IoT.Services.MqttServices.Tests\IoT.Services.MqttServices.Tests.csproj", "{244D7ED7-8274-41F5-BB60-40E5AACA02D7}"
EndProject
Project("{FAE04EC0-301F-11D3-BF4B-00C04F79EFBC}") = "IoT.Services.EventBusTests", "IoT.Services.EventBusTests\IoT.Services.EventBusTests.csproj", "{459FF8F7-7571-499F-9A70-E671F4E04423}"
EndProject
Global
	GlobalSection(SolutionConfigurationPlatforms) = preSolution
		Debug|Any CPU = Debug|Any CPU
		Release|Any CPU = Release|Any CPU
	EndGlobalSection
	GlobalSection(ProjectConfigurationPlatforms) = postSolution
		{9DA13A70-FAD0-4C4E-BA74-D497E26EAA29}.Debug|Any CPU.ActiveCfg = Debug|Any CPU
		{9DA13A70-FAD0-4C4E-BA74-D497E26EAA29}.Debug|Any CPU.Build.0 = Debug|Any CPU
		{9DA13A70-FAD0-4C4E-BA74-D497E26EAA29}.Release|Any CPU.ActiveCfg = Release|Any CPU
		{9DA13A70-FAD0-4C4E-BA74-D497E26EAA29}.Release|Any CPU.Build.0 = Release|Any CPU
		{74E80FA4-4909-4423-8E4F-03D828086FE6}.Debug|Any CPU.ActiveCfg = Debug|Any CPU
		{74E80FA4-4909-4423-8E4F-03D828086FE6}.Debug|Any CPU.Build.0 = Debug|Any CPU
		{74E80FA4-4909-4423-8E4F-03D828086FE6}.Release|Any CPU.ActiveCfg = Release|Any CPU
		{74E80FA4-4909-4423-8E4F-03D828086FE6}.Release|Any CPU.Build.0 = Release|Any CPU
		{0A07730F-DC17-48F8-BB31-29261974973B}.Debug|Any CPU.ActiveCfg = Debug|Any CPU
		{0A07730F-DC17-48F8-BB31-29261974973B}.Debug|Any CPU.Build.0 = Debug|Any CPU
		{0A07730F-DC17-48F8-BB31-29261974973B}.Release|Any CPU.ActiveCfg = Release|Any CPU
		{0A07730F-DC17-48F8-BB31-29261974973B}.Release|Any CPU.Build.0 = Release|Any CPU
		{3A554DA1-A0D1-4A60-9484-6D3EACEC4212}.Debug|Any CPU.ActiveCfg = Debug|Any CPU
		{3A554DA1-A0D1-4A60-9484-6D3EACEC4212}.Debug|Any CPU.Build.0 = Debug|Any CPU
		{3A554DA1-A0D1-4A60-9484-6D3EACEC4212}.Release|Any CPU.ActiveCfg = Release|Any CPU
		{3A554DA1-A0D1-4A60-9484-6D3EACEC4212}.Release|Any CPU.Build.0 = Release|Any CPU
		{E0DEDE87-CAA4-488F-AB15-30BEAFF2A1B7}.Debug|Any CPU.ActiveCfg = Debug|Any CPU
		{E0DEDE87-CAA4-488F-AB15-30BEAFF2A1B7}.Debug|Any CPU.Build.0 = Debug|Any CPU
		{E0DEDE87-CAA4-488F-AB15-30BEAFF2A1B7}.Release|Any CPU.ActiveCfg = Release|Any CPU
		{E0DEDE87-CAA4-488F-AB15-30BEAFF2A1B7}.Release|Any CPU.Build.0 = Release|Any CPU
		{244D7ED7-8274-41F5-BB60-40E5AACA02D7}.Debug|Any CPU.ActiveCfg = Debug|Any CPU
		{244D7ED7-8274-41F5-BB60-40E5AACA02D7}.Debug|Any CPU.Build.0 = Debug|Any CPU
		{244D7ED7-8274-41F5-BB60-40E5AACA02D7}.Release|Any CPU.ActiveCfg = Release|Any CPU
		{244D7ED7-8274-41F5-BB60-40E5AACA02D7}.Release|Any CPU.Build.0 = Release|Any CPU
		{459FF8F7-7571-499F-9A70-E671F4E04423}.Debug|Any CPU.ActiveCfg = Debug|Any CPU
		{459FF8F7-7571-499F-9A70-E671F4E04423}.Debug|Any CPU.Build.0 = Debug|Any CPU
		{459FF8F7-7571-499F-9A70-E671F4E04423}.Release|Any CPU.ActiveCfg = Release|Any CPU
		{459FF8F7-7571-499F-9A70-E671F4E04423}.Release|Any CPU.Build.0 = Release|Any CPU
	EndGlobalSection
	GlobalSection(SolutionProperties) = preSolution
		HideSolutionNode = FALSE
	EndGlobalSection
	GlobalSection(ExtensibilityGlobals) = postSolution
		SolutionGuid = {EF510A4A-851D-4418-B626-1C63A0D0E754}
	EndGlobalSection
EndGlobal
